// !$*UTF8*$!
{
	archiveVersion = 1;
	classes = {
	};
	objectVersion = 56;
	objects = {

/* Begin PBXBuildFile section */
		6065BC10296432720028551C /* JOB_Analyser_iOS_AppApp.swift in Sources */ = {isa = PBXBuildFile; fileRef = 6065BC0F296432720028551C /* JOB_Analyser_iOS_AppApp.swift */; };
		6065BC12296432720028551C /* ContentView.swift in Sources */ = {isa = PBXBuildFile; fileRef = 6065BC11296432720028551C /* ContentView.swift */; };
		6065BC14296432740028551C /* Assets.xcassets in Resources */ = {isa = PBXBuildFile; fileRef = 6065BC13296432740028551C /* Assets.xcassets */; };
		6065BC17296432740028551C /* Preview Assets.xcassets in Resources */ = {isa = PBXBuildFile; fileRef = 6065BC16296432740028551C /* Preview Assets.xcassets */; };
		6065BC19296432740028551C /* Persistence.swift in Sources */ = {isa = PBXBuildFile; fileRef = 6065BC18296432740028551C /* Persistence.swift */; };
		6065BC1C296432740028551C /* JOB_Analyser_iOS_App.xcdatamodeld in Sources */ = {isa = PBXBuildFile; fileRef = 6065BC1A296432740028551C /* JOB_Analyser_iOS_App.xcdatamodeld */; };
		6065BC27296432740028551C /* JOB_Analyser_iOS_AppTests.swift in Sources */ = {isa = PBXBuildFile; fileRef = 6065BC26296432740028551C /* JOB_Analyser_iOS_AppTests.swift */; };
		6065BC31296432740028551C /* JOB_Analyser_iOS_AppUITests.swift in Sources */ = {isa = PBXBuildFile; fileRef = 6065BC30296432740028551C /* JOB_Analyser_iOS_AppUITests.swift */; };
		6065BC33296432740028551C /* JOB_Analyser_iOS_AppUITestsLaunchTests.swift in Sources */ = {isa = PBXBuildFile; fileRef = 6065BC32296432740028551C /* JOB_Analyser_iOS_AppUITestsLaunchTests.swift */; };
/* End PBXBuildFile section */

/* Begin PBXContainerItemProxy section */
		6065BC23296432740028551C /* PBXContainerItemProxy */ = {
			isa = PBXContainerItemProxy;
			containerPortal = 6065BC04296432720028551C /* Project object */;
			proxyType = 1;
			remoteGlobalIDString = 6065BC0B296432720028551C;
			remoteInfo = JOB_Analyser_iOS_App;
		};
		6065BC2D296432740028551C /* PBXContainerItemProxy */ = {
			isa = PBXContainerItemProxy;
			containerPortal = 6065BC04296432720028551C /* Project object */;
			proxyType = 1;
			remoteGlobalIDString = 6065BC0B296432720028551C;
			remoteInfo = JOB_Analyser_iOS_App;
		};
/* End PBXContainerItemProxy section */

/* Begin PBXFileReference section */
		6065BC0C296432720028551C /* JOB_Analyser_iOS_App.app */ = {isa = PBXFileReference; explicitFileType = wrapper.application; includeInIndex = 0; path = JOB_Analyser_iOS_App.app; sourceTree = BUILT_PRODUCTS_DIR; };
		6065BC0F296432720028551C /* JOB_Analyser_iOS_AppApp.swift */ = {isa = PBXFileReference; lastKnownFileType = sourcecode.swift; path = JOB_Analyser_iOS_AppApp.swift; sourceTree = "<group>"; };
		6065BC11296432720028551C /* ContentView.swift */ = {isa = PBXFileReference; lastKnownFileType = sourcecode.swift; path = ContentView.swift; sourceTree = "<group>"; };
		6065BC13296432740028551C /* Assets.xcassets */ = {isa = PBXFileReference; lastKnownFileType = folder.assetcatalog; path = Assets.xcassets; sourceTree = "<group>"; };
		6065BC16296432740028551C /* Preview Assets.xcassets */ = {isa = PBXFileReference; lastKnownFileType = folder.assetcatalog; path = "Preview Assets.xcassets"; sourceTree = "<group>"; };
		6065BC18296432740028551C /* Persistence.swift */ = {isa = PBXFileReference; lastKnownFileType = sourcecode.swift; path = Persistence.swift; sourceTree = "<group>"; };
		6065BC1B296432740028551C /* JOB_Analyser_iOS_App.xcdatamodel */ = {isa = PBXFileReference; lastKnownFileType = wrapper.xcdatamodel; path = JOB_Analyser_iOS_App.xcdatamodel; sourceTree = "<group>"; };
		6065BC1D296432740028551C /* Info.plist */ = {isa = PBXFileReference; lastKnownFileType = text.plist.xml; path = Info.plist; sourceTree = "<group>"; };
		6065BC22296432740028551C /* JOB_Analyser_iOS_AppTests.xctest */ = {isa = PBXFileReference; explicitFileType = wrapper.cfbundle; includeInIndex = 0; path = JOB_Analyser_iOS_AppTests.xctest; sourceTree = BUILT_PRODUCTS_DIR; };
		6065BC26296432740028551C /* JOB_Analyser_iOS_AppTests.swift */ = {isa = PBXFileReference; lastKnownFileType = sourcecode.swift; path = JOB_Analyser_iOS_AppTests.swift; sourceTree = "<group>"; };
		6065BC2C296432740028551C /* JOB_Analyser_iOS_AppUITests.xctest */ = {isa = PBXFileReference; explicitFileType = wrapper.cfbundle; includeInIndex = 0; path = JOB_Analyser_iOS_AppUITests.xctest; sourceTree = BUILT_PRODUCTS_DIR; };
		6065BC30296432740028551C /* JOB_Analyser_iOS_AppUITests.swift */ = {isa = PBXFileReference; lastKnownFileType = sourcecode.swift; path = JOB_Analyser_iOS_AppUITests.swift; sourceTree = "<group>"; };
		6065BC32296432740028551C /* JOB_Analyser_iOS_AppUITestsLaunchTests.swift */ = {isa = PBXFileReference; lastKnownFileType = sourcecode.swift; path = JOB_Analyser_iOS_AppUITestsLaunchTests.swift; sourceTree = "<group>"; };
/* End PBXFileReference section */

/* Begin PBXFrameworksBuildPhase section */
		6065BC09296432720028551C /* Frameworks */ = {
			isa = PBXFrameworksBuildPhase;
			buildActionMask = 2147483647;
			files = (
			);
			runOnlyForDeploymentPostprocessing = 0;
		};
		6065BC1F296432740028551C /* Frameworks */ = {
			isa = PBXFrameworksBuildPhase;
			buildActionMask = 2147483647;
			files = (
			);
			runOnlyForDeploymentPostprocessing = 0;
		};
		6065BC29296432740028551C /* Frameworks */ = {
			isa = PBXFrameworksBuildPhase;
			buildActionMask = 2147483647;
			files = (
			);
			runOnlyForDeploymentPostprocessing = 0;
		};
/* End PBXFrameworksBuildPhase section */

/* Begin PBXGroup section */
		6065BC03296432720028551C = {
			isa = PBXGroup;
			children = (
				6065BC0E296432720028551C /* JOB_Analyser_iOS_App */,
				6065BC25296432740028551C /* JOB_Analyser_iOS_AppTests */,
				6065BC2F296432740028551C /* JOB_Analyser_iOS_AppUITests */,
				6065BC0D296432720028551C /* Products */,
			);
			sourceTree = "<group>";
		};
		6065BC0D296432720028551C /* Products */ = {
			isa = PBXGroup;
			children = (
				6065BC0C296432720028551C /* JOB_Analyser_iOS_App.app */,
				6065BC22296432740028551C /* JOB_Analyser_iOS_AppTests.xctest */,
				6065BC2C296432740028551C /* JOB_Analyser_iOS_AppUITests.xctest */,
			);
			name = Products;
			sourceTree = "<group>";
		};
		6065BC0E296432720028551C /* JOB_Analyser_iOS_App */ = {
			isa = PBXGroup;
			children = (
				6065BC0F296432720028551C /* JOB_Analyser_iOS_AppApp.swift */,
				6065BC11296432720028551C /* ContentView.swift */,
				6065BC13296432740028551C /* Assets.xcassets */,
				6065BC18296432740028551C /* Persistence.swift */,
				6065BC1D296432740028551C /* Info.plist */,
				6065BC1A296432740028551C /* JOB_Analyser_iOS_App.xcdatamodeld */,
				6065BC15296432740028551C /* Preview Content */,
			);
			path = JOB_Analyser_iOS_App;
			sourceTree = "<group>";
		};
		6065BC15296432740028551C /* Preview Content */ = {
			isa = PBXGroup;
			children = (
				6065BC16296432740028551C /* Preview Assets.xcassets */,
			);
			path = "Preview Content";
			sourceTree = "<group>";
		};
		6065BC25296432740028551C /* JOB_Analyser_iOS_AppTests */ = {
			isa = PBXGroup;
			children = (
				6065BC26296432740028551C /* JOB_Analyser_iOS_AppTests.swift */,
			);
			path = JOB_Analyser_iOS_AppTests;
			sourceTree = "<group>";
		};
		6065BC2F296432740028551C /* JOB_Analyser_iOS_AppUITests */ = {
			isa = PBXGroup;
			children = (
				6065BC30296432740028551C /* JOB_Analyser_iOS_AppUITests.swift */,
				6065BC32296432740028551C /* JOB_Analyser_iOS_AppUITestsLaunchTests.swift */,
			);
			path = JOB_Analyser_iOS_AppUITests;
			sourceTree = "<group>";
		};
/* End PBXGroup section */

/* Begin PBXNativeTarget section */
		6065BC0B296432720028551C /* JOB_Analyser_iOS_App */ = {
			isa = PBXNativeTarget;
			buildConfigurationList = 6065BC36296432740028551C /* Build configuration list for PBXNativeTarget "JOB_Analyser_iOS_App" */;
			buildPhases = (
				6065BC08296432720028551C /* Sources */,
				6065BC09296432720028551C /* Frameworks */,
				6065BC0A296432720028551C /* Resources */,
			);
			buildRules = (
			);
			dependencies = (
			);
			name = JOB_Analyser_iOS_App;
			productName = JOB_Analyser_iOS_App;
			productReference = 6065BC0C296432720028551C /* JOB_Analyser_iOS_App.app */;
			productType = "com.apple.product-type.application";
		};
		6065BC21296432740028551C /* JOB_Analyser_iOS_AppTests */ = {
			isa = PBXNativeTarget;
			buildConfigurationList = 6065BC39296432740028551C /* Build configuration list for PBXNativeTarget "JOB_Analyser_iOS_AppTests" */;
			buildPhases = (
				6065BC1E296432740028551C /* Sources */,
				6065BC1F296432740028551C /* Frameworks */,
				6065BC20296432740028551C /* Resources */,
			);
			buildRules = (
			);
			dependencies = (
				6065BC24296432740028551C /* PBXTargetDependency */,
			);
			name = JOB_Analyser_iOS_AppTests;
			productName = JOB_Analyser_iOS_AppTests;
			productReference = 6065BC22296432740028551C /* JOB_Analyser_iOS_AppTests.xctest */;
			productType = "com.apple.product-type.bundle.unit-test";
		};
		6065BC2B296432740028551C /* JOB_Analyser_iOS_AppUITests */ = {
			isa = PBXNativeTarget;
			buildConfigurationList = 6065BC3C296432740028551C /* Build configuration list for PBXNativeTarget "JOB_Analyser_iOS_AppUITests" */;
			buildPhases = (
				6065BC28296432740028551C /* Sources */,
				6065BC29296432740028551C /* Frameworks */,
				6065BC2A296432740028551C /* Resources */,
			);
			buildRules = (
			);
			dependencies = (
				6065BC2E296432740028551C /* PBXTargetDependency */,
			);
			name = JOB_Analyser_iOS_AppUITests;
			productName = JOB_Analyser_iOS_AppUITests;
			productReference = 6065BC2C296432740028551C /* JOB_Analyser_iOS_AppUITests.xctest */;
			productType = "com.apple.product-type.bundle.ui-testing";
		};
/* End PBXNativeTarget section */

/* Begin PBXProject section */
		6065BC04296432720028551C /* Project object */ = {
			isa = PBXProject;
			attributes = {
				BuildIndependentTargetsInParallel = 1;
				LastSwiftUpdateCheck = 1420;
				LastUpgradeCheck = 1420;
				TargetAttributes = {
					6065BC0B296432720028551C = {
						CreatedOnToolsVersion = 14.2;
					};
					6065BC21296432740028551C = {
						CreatedOnToolsVersion = 14.2;
						TestTargetID = 6065BC0B296432720028551C;
					};
					6065BC2B296432740028551C = {
						CreatedOnToolsVersion = 14.2;
						TestTargetID = 6065BC0B296432720028551C;
					};
				};
			};
			buildConfigurationList = 6065BC07296432720028551C /* Build configuration list for PBXProject "JOB_Analyser_iOS_App" */;
			compatibilityVersion = "Xcode 14.0";
			developmentRegion = en;
			hasScannedForEncodings = 0;
			knownRegions = (
				en,
				Base,
			);
			mainGroup = 6065BC03296432720028551C;
			productRefGroup = 6065BC0D296432720028551C /* Products */;
			projectDirPath = "";
			projectRoot = "";
			targets = (
				6065BC0B296432720028551C /* JOB_Analyser_iOS_App */,
				6065BC21296432740028551C /* JOB_Analyser_iOS_AppTests */,
				6065BC2B296432740028551C /* JOB_Analyser_iOS_AppUITests */,
			);
		};
/* End PBXProject section */

/* Begin PBXResourcesBuildPhase section */
		6065BC0A296432720028551C /* Resources */ = {
			isa = PBXResourcesBuildPhase;
			buildActionMask = 2147483647;
			files = (
				6065BC17296432740028551C /* Preview Assets.xcassets in Resources */,
				6065BC14296432740028551C /* Assets.xcassets in Resources */,
			);
			runOnlyForDeploymentPostprocessing = 0;
		};
		6065BC20296432740028551C /* Resources */ = {
			isa = PBXResourcesBuildPhase;
			buildActionMask = 2147483647;
			files = (
			);
			runOnlyForDeploymentPostprocessing = 0;
		};
		6065BC2A296432740028551C /* Resources */ = {
			isa = PBXResourcesBuildPhase;
			buildActionMask = 2147483647;
			files = (
			);
			runOnlyForDeploymentPostprocessing = 0;
		};
/* End PBXResourcesBuildPhase section */

/* Begin PBXSourcesBuildPhase section */
		6065BC08296432720028551C /* Sources */ = {
			isa = PBXSourcesBuildPhase;
			buildActionMask = 2147483647;
			files = (
				6065BC1C296432740028551C /* JOB_Analyser_iOS_App.xcdatamodeld in Sources */,
				6065BC19296432740028551C /* Persistence.swift in Sources */,
				6065BC12296432720028551C /* ContentView.swift in Sources */,
				6065BC10296432720028551C /* JOB_Analyser_iOS_AppApp.swift in Sources */,
			);
			runOnlyForDeploymentPostprocessing = 0;
		};
		6065BC1E296432740028551C /* Sources */ = {
			isa = PBXSourcesBuildPhase;
			buildActionMask = 2147483647;
			files = (
				6065BC27296432740028551C /* JOB_Analyser_iOS_AppTests.swift in Sources */,
			);
			runOnlyForDeploymentPostprocessing = 0;
		};
		6065BC28296432740028551C /* Sources */ = {
			isa = PBXSourcesBuildPhase;
			buildActionMask = 2147483647;
			files = (
				6065BC31296432740028551C /* JOB_Analyser_iOS_AppUITests.swift in Sources */,
				6065BC33296432740028551C /* JOB_Analyser_iOS_AppUITestsLaunchTests.swift in Sources */,
			);
			runOnlyForDeploymentPostprocessing = 0;
		};
/* End PBXSourcesBuildPhase section */

/* Begin PBXTargetDependency section */
		6065BC24296432740028551C /* PBXTargetDependency */ = {
			isa = PBXTargetDependency;
			target = 6065BC0B296432720028551C /* JOB_Analyser_iOS_App */;
			targetProxy = 6065BC23296432740028551C /* PBXContainerItemProxy */;
		};
		6065BC2E296432740028551C /* PBXTargetDependency */ = {
			isa = PBXTargetDependency;
			target = 6065BC0B296432720028551C /* JOB_Analyser_iOS_App */;
			targetProxy = 6065BC2D296432740028551C /* PBXContainerItemProxy */;
		};
/* End PBXTargetDependency section */

/* Begin XCBuildConfiguration section */
		6065BC34296432740028551C /* Debug */ = {
			isa = XCBuildConfiguration;
			buildSettings = {
				ALWAYS_SEARCH_USER_PATHS = NO;
				CLANG_ANALYZER_NONNULL = YES;
				CLANG_ANALYZER_NUMBER_OBJECT_CONVERSION = YES_AGGRESSIVE;
				CLANG_CXX_LANGUAGE_STANDARD = "gnu++20";
				CLANG_ENABLE_MODULES = YES;
				CLANG_ENABLE_OBJC_ARC = YES;
				CLANG_ENABLE_OBJC_WEAK = YES;
				CLANG_WARN_BLOCK_CAPTURE_AUTORELEASING = YES;
				CLANG_WARN_BOOL_CONVERSION = YES;
				CLANG_WARN_COMMA = YES;
				CLANG_WARN_CONSTANT_CONVERSION = YES;
				CLANG_WARN_DEPRECATED_OBJC_IMPLEMENTATIONS = YES;
				CLANG_WARN_DIRECT_OBJC_ISA_USAGE = YES_ERROR;
				CLANG_WARN_DOCUMENTATION_COMMENTS = YES;
				CLANG_WARN_EMPTY_BODY = YES;
				CLANG_WARN_ENUM_CONVERSION = YES;
				CLANG_WARN_INFINITE_RECURSION = YES;
				CLANG_WARN_INT_CONVERSION = YES;
				CLANG_WARN_NON_LITERAL_NULL_CONVERSION = YES;
				CLANG_WARN_OBJC_IMPLICIT_RETAIN_SELF = YES;
				CLANG_WARN_OBJC_LITERAL_CONVERSION = YES;
				CLANG_WARN_OBJC_ROOT_CLASS = YES_ERROR;
				CLANG_WARN_QUOTED_INCLUDE_IN_FRAMEWORK_HEADER = YES;
				CLANG_WARN_RANGE_LOOP_ANALYSIS = YES;
				CLANG_WARN_STRICT_PROTOTYPES = YES;
				CLANG_WARN_SUSPICIOUS_MOVE = YES;
				CLANG_WARN_UNGUARDED_AVAILABILITY = YES_AGGRESSIVE;
				CLANG_WARN_UNREACHABLE_CODE = YES;
				CLANG_WARN__DUPLICATE_METHOD_MATCH = YES;
				COPY_PHASE_STRIP = NO;
				DEBUG_INFORMATION_FORMAT = dwarf;
				ENABLE_STRICT_OBJC_MSGSEND = YES;
				ENABLE_TESTABILITY = YES;
				GCC_C_LANGUAGE_STANDARD = gnu11;
				GCC_DYNAMIC_NO_PIC = NO;
				GCC_NO_COMMON_BLOCKS = YES;
				GCC_OPTIMIZATION_LEVEL = 0;
				GCC_PREPROCESSOR_DEFINITIONS = (
					"DEBUG=1",
					"$(inherited)",
				);
				GCC_WARN_64_TO_32_BIT_CONVERSION = YES;
				GCC_WARN_ABOUT_RETURN_TYPE = YES_ERROR;
				GCC_WARN_UNDECLARED_SELECTOR = YES;
				GCC_WARN_UNINITIALIZED_AUTOS = YES_AGGRESSIVE;
				GCC_WARN_UNUSED_FUNCTION = YES;
				GCC_WARN_UNUSED_VARIABLE = YES;
				IPHONEOS_DEPLOYMENT_TARGET = 16.2;
				MTL_ENABLE_DEBUG_INFO = INCLUDE_SOURCE;
				MTL_FAST_MATH = YES;
				ONLY_ACTIVE_ARCH = YES;
				SDKROOT = iphoneos;
				SWIFT_ACTIVE_COMPILATION_CONDITIONS = DEBUG;
				SWIFT_OPTIMIZATION_LEVEL = "-Onone";
			};
			name = Debug;
		};
		6065BC35296432740028551C /* Release */ = {
			isa = XCBuildConfiguration;
			buildSettings = {
				ALWAYS_SEARCH_USER_PATHS = NO;
				CLANG_ANALYZER_NONNULL = YES;
				CLANG_ANALYZER_NUMBER_OBJECT_CONVERSION = YES_AGGRESSIVE;
				CLANG_CXX_LANGUAGE_STANDARD = "gnu++20";
				CLANG_ENABLE_MODULES = YES;
				CLANG_ENABLE_OBJC_ARC = YES;
				CLANG_ENABLE_OBJC_WEAK = YES;
				CLANG_WARN_BLOCK_CAPTURE_AUTORELEASING = YES;
				CLANG_WARN_BOOL_CONVERSION = YES;
				CLANG_WARN_COMMA = YES;
				CLANG_WARN_CONSTANT_CONVERSION = YES;
				CLANG_WARN_DEPRECATED_OBJC_IMPLEMENTATIONS = YES;
				CLANG_WARN_DIRECT_OBJC_ISA_USAGE = YES_ERROR;
				CLANG_WARN_DOCUMENTATION_COMMENTS = YES;
				CLANG_WARN_EMPTY_BODY = YES;
				CLANG_WARN_ENUM_CONVERSION = YES;
				CLANG_WARN_INFINITE_RECURSION = YES;
				CLANG_WARN_INT_CONVERSION = YES;
				CLANG_WARN_NON_LITERAL_NULL_CONVERSION = YES;
				CLANG_WARN_OBJC_IMPLICIT_RETAIN_SELF = YES;
				CLANG_WARN_OBJC_LITERAL_CONVERSION = YES;
				CLANG_WARN_OBJC_ROOT_CLASS = YES_ERROR;
				CLANG_WARN_QUOTED_INCLUDE_IN_FRAMEWORK_HEADER = YES;
				CLANG_WARN_RANGE_LOOP_ANALYSIS = YES;
				CLANG_WARN_STRICT_PROTOTYPES = YES;
				CLANG_WARN_SUSPICIOUS_MOVE = YES;
				CLANG_WARN_UNGUARDED_AVAILABILITY = YES_AGGRESSIVE;
				CLANG_WARN_UNREACHABLE_CODE = YES;
				CLANG_WARN__DUPLICATE_METHOD_MATCH = YES;
				COPY_PHASE_STRIP = NO;
				DEBUG_INFORMATION_FORMAT = "dwarf-with-dsym";
				ENABLE_NS_ASSERTIONS = NO;
				ENABLE_STRICT_OBJC_MSGSEND = YES;
				GCC_C_LANGUAGE_STANDARD = gnu11;
				GCC_NO_COMMON_BLOCKS = YES;
				GCC_WARN_64_TO_32_BIT_CONVERSION = YES;
				GCC_WARN_ABOUT_RETURN_TYPE = YES_ERROR;
				GCC_WARN_UNDECLARED_SELECTOR = YES;
				GCC_WARN_UNINITIALIZED_AUTOS = YES_AGGRESSIVE;
				GCC_WARN_UNUSED_FUNCTION = YES;
				GCC_WARN_UNUSED_VARIABLE = YES;
				IPHONEOS_DEPLOYMENT_TARGET = 16.2;
				MTL_ENABLE_DEBUG_INFO = NO;
				MTL_FAST_MATH = YES;
				SDKROOT = iphoneos;
				SWIFT_COMPILATION_MODE = wholemodule;
				SWIFT_OPTIMIZATION_LEVEL = "-O";
				VALIDATE_PRODUCT = YES;
			};
			name = Release;
		};
		6065BC37296432740028551C /* Debug */ = {
			isa = XCBuildConfiguration;
			buildSettings = {
				ASSETCATALOG_COMPILER_APPICON_NAME = AppIcon;
				ASSETCATALOG_COMPILER_GLOBAL_ACCENT_COLOR_NAME = AccentColor;
				CODE_SIGN_STYLE = Automatic;
				CURRENT_PROJECT_VERSION = 1;
				DEVELOPMENT_ASSET_PATHS = "\"JOB_Analyser_iOS_App/Preview Content\"";
				ENABLE_PREVIEWS = YES;
				GENERATE_INFOPLIST_FILE = YES;
				INFOPLIST_KEY_UIApplicationSceneManifest_Generation = YES;
				INFOPLIST_KEY_UIApplicationSupportsIndirectInputEvents = YES;
				INFOPLIST_KEY_UILaunchScreen_Generation = YES;
				INFOPLIST_KEY_UISupportedInterfaceOrientations_iPad = "UIInterfaceOrientationPortrait UIInterfaceOrientationPortraitUpsideDown UIInterfaceOrientationLandscapeLeft UIInterfaceOrientationLandscapeRight";
				INFOPLIST_KEY_UISupportedInterfaceOrientations_iPhone = "UIInterfaceOrientationPortrait UIInterfaceOrientationLandscapeLeft UIInterfaceOrientationLandscapeRight";
				LD_RUNPATH_SEARCH_PATHS = (
					"$(inherited)",
					"@executable_path/Frameworks",
				);
				MARKETING_VERSION = 1.0;
				PRODUCT_BUNDLE_IDENTIFIER = "com.vijay.jobAnalyser-ios.JOB-Analyser-iOS-App";
				PRODUCT_NAME = "$(TARGET_NAME)";
				SWIFT_EMIT_LOC_STRINGS = YES;
				SWIFT_VERSION = 5.0;
				TARGETED_DEVICE_FAMILY = "1,2";
			};
			name = Debug;
		};
		6065BC38296432740028551C /* Release */ = {
			isa = XCBuildConfiguration;
			buildSettings = {
				ASSETCATALOG_COMPILER_APPICON_NAME = AppIcon;
				ASSETCATALOG_COMPILER_GLOBAL_ACCENT_COLOR_NAME = AccentColor;
				CODE_SIGN_STYLE = Automatic;
				CURRENT_PROJECT_VERSION = 1;
				DEVELOPMENT_ASSET_PATHS = "\"JOB_Analyser_iOS_App/Preview Content\"";
				ENABLE_PREVIEWS = YES;
				GENERATE_INFOPLIST_FILE = YES;
				INFOPLIST_KEY_UIApplicationSceneManifest_Generation = YES;
				INFOPLIST_KEY_UIApplicationSupportsIndirectInputEvents = YES;
				INFOPLIST_KEY_UILaunchScreen_Generation = YES;
				INFOPLIST_KEY_UISupportedInterfaceOrientations_iPad = "UIInterfaceOrientationPortrait UIInterfaceOrientationPortraitUpsideDown UIInterfaceOrientationLandscapeLeft UIInterfaceOrientationLandscapeRight";
				INFOPLIST_KEY_UISupportedInterfaceOrientations_iPhone = "UIInterfaceOrientationPortrait UIInterfaceOrientationLandscapeLeft UIInterfaceOrientationLandscapeRight";
				LD_RUNPATH_SEARCH_PATHS = (
					"$(inherited)",
					"@executable_path/Frameworks",
				);
				MARKETING_VERSION = 1.0;
				PRODUCT_BUNDLE_IDENTIFIER = "com.vijay.jobAnalyser-ios.JOB-Analyser-iOS-App";
				PRODUCT_NAME = "$(TARGET_NAME)";
				SWIFT_EMIT_LOC_STRINGS = YES;
				SWIFT_VERSION = 5.0;
				TARGETED_DEVICE_FAMILY = "1,2";
			};
			name = Release;
		};
		6065BC3A296432740028551C /* Debug */ = {
			isa = XCBuildConfiguration;
			buildSettings = {
				ALWAYS_EMBED_SWIFT_STANDARD_LIBRARIES = YES;
				BUNDLE_LOADER = "$(TEST_HOST)";
				CODE_SIGN_STYLE = Automatic;
				CURRENT_PROJECT_VERSION = 1;
				GENERATE_INFOPLIST_FILE = YES;
				IPHONEOS_DEPLOYMENT_TARGET = 16.2;
				MARKETING_VERSION = 1.0;
				PRODUCT_BUNDLE_IDENTIFIER = "com.vijay.jobAnalyser-ios.JOB-Analyser-iOS-AppTests";
				PRODUCT_NAME = "$(TARGET_NAME)";
				SWIFT_EMIT_LOC_STRINGS = NO;
				SWIFT_VERSION = 5.0;
				TARGETED_DEVICE_FAMILY = "1,2";
				TEST_HOST = "$(BUILT_PRODUCTS_DIR)/JOB_Analyser_iOS_App.app/$(BUNDLE_EXECUTABLE_FOLDER_PATH)/JOB_Analyser_iOS_App";
			};
			name = Debug;
		};
		6065BC3B296432740028551C /* Release */ = {
			isa = XCBuildConfiguration;
			buildSettings = {
				ALWAYS_EMBED_SWIFT_STANDARD_LIBRARIES = YES;
				BUNDLE_LOADER = "$(TEST_HOST)";
				CODE_SIGN_STYLE = Automatic;
				CURRENT_PROJECT_VERSION = 1;
				GENERATE_INFOPLIST_FILE = YES;
				IPHONEOS_DEPLOYMENT_TARGET = 16.2;
				MARKETING_VERSION = 1.0;
				PRODUCT_BUNDLE_IDENTIFIER = "com.vijay.jobAnalyser-ios.JOB-Analyser-iOS-AppTests";
				PRODUCT_NAME = "$(TARGET_NAME)";
				SWIFT_EMIT_LOC_STRINGS = NO;
				SWIFT_VERSION = 5.0;
				TARGETED_DEVICE_FAMILY = "1,2";
				TEST_HOST = "$(BUILT_PRODUCTS_DIR)/JOB_Analyser_iOS_App.app/$(BUNDLE_EXECUTABLE_FOLDER_PATH)/JOB_Analyser_iOS_App";
			};
			name = Release;
		};
		6065BC3D296432740028551C /* Debug */ = {
			isa = XCBuildConfiguration;
			buildSettings = {
				ALWAYS_EMBED_SWIFT_STANDARD_LIBRARIES = YES;
				CODE_SIGN_STYLE = Automatic;
				CURRENT_PROJECT_VERSION = 1;
				GENERATE_INFOPLIST_FILE = YES;
				MARKETING_VERSION = 1.0;
				PRODUCT_BUNDLE_IDENTIFIER = "com.vijay.jobAnalyser-ios.JOB-Analyser-iOS-AppUITests";
				PRODUCT_NAME = "$(TARGET_NAME)";
				SWIFT_EMIT_LOC_STRINGS = NO;
				SWIFT_VERSION = 5.0;
				TARGETED_DEVICE_FAMILY = "1,2";
				TEST_TARGET_NAME = JOB_Analyser_iOS_App;
			};
			name = Debug;
		};
		6065BC3E296432740028551C /* Release */ = {
			isa = XCBuildConfiguration;
			buildSettings = {
				ALWAYS_EMBED_SWIFT_STANDARD_LIBRARIES = YES;
				CODE_SIGN_STYLE = Automatic;
				CURRENT_PROJECT_VERSION = 1;
				GENERATE_INFOPLIST_FILE = YES;
				MARKETING_VERSION = 1.0;
				PRODUCT_BUNDLE_IDENTIFIER = "com.vijay.jobAnalyser-ios.JOB-Analyser-iOS-AppUITests";
				PRODUCT_NAME = "$(TARGET_NAME)";
				SWIFT_EMIT_LOC_STRINGS = NO;
				SWIFT_VERSION = 5.0;
				TARGETED_DEVICE_FAMILY = "1,2";
				TEST_TARGET_NAME = JOB_Analyser_iOS_App;
			};
			name = Release;
		};
/* End XCBuildConfiguration section */

/* Begin XCConfigurationList section */
		6065BC07296432720028551C /* Build configuration list for PBXProject "JOB_Analyser_iOS_App" */ = {
			isa = XCConfigurationList;
			buildConfigurations = (
				6065BC34296432740028551C /* Debug */,
				6065BC35296432740028551C /* Release */,
			);
			defaultConfigurationIsVisible = 0;
			defaultConfigurationName = Release;
		};
		6065BC36296432740028551C /* Build configuration list for PBXNativeTarget "JOB_Analyser_iOS_App" */ = {
			isa = XCConfigurationList;
			buildConfigurations = (
				6065BC37296432740028551C /* Debug */,
				6065BC38296432740028551C /* Release */,
			);
			defaultConfigurationIsVisible = 0;
			defaultConfigurationName = Release;
		};
		6065BC39296432740028551C /* Build configuration list for PBXNativeTarget "JOB_Analyser_iOS_AppTests" */ = {
			isa = XCConfigurationList;
			buildConfigurations = (
				6065BC3A296432740028551C /* Debug */,
				6065BC3B296432740028551C /* Release */,
			);
			defaultConfigurationIsVisible = 0;
			defaultConfigurationName = Release;
		};
		6065BC3C296432740028551C /* Build configuration list for PBXNativeTarget "JOB_Analyser_iOS_AppUITests" */ = {
			isa = XCConfigurationList;
			buildConfigurations = (
				6065BC3D296432740028551C /* Debug */,
				6065BC3E296432740028551C /* Release */,
			);
			defaultConfigurationIsVisible = 0;
			defaultConfigurationName = Release;
		};
/* End XCConfigurationList section */

/* Begin XCVersionGroup section */
		6065BC1A296432740028551C /* JOB_Analyser_iOS_App.xcdatamodeld */ = {
			isa = XCVersionGroup;
			children = (
				6065BC1B296432740028551C /* JOB_Analyser_iOS_App.xcdatamodel */,
			);
			currentVersion = 6065BC1B296432740028551C /* JOB_Analyser_iOS_App.xcdatamodel */;
			path = JOB_Analyser_iOS_App.xcdatamodeld;
			sourceTree = "<group>";
			versionGroupType = wrapper.xcdatamodel;
		};
/* End XCVersionGroup section */
	};
	rootObject = 6065BC04296432720028551C /* Project object */;
}
